# This file is automatically @generated by Poetry and should not be changed by hand.

[[package]]
name = "python-dotenv"
version = "0.21.1"
description = "Read key-value pairs from a .env file and set them as environment variables"
category = "main"
optional = false
python-versions = ">=3.7"
files = [
    {file = "python-dotenv-0.21.1.tar.gz", hash = "sha256:1c93de8f636cde3ce377292818d0e440b6e45a82f215c3744979151fa8151c49"},
    {file = "python_dotenv-0.21.1-py3-none-any.whl", hash = "sha256:41e12e0318bebc859fcc4d97d4db8d20ad21721a6aa5047dd59f090391cb549a"},
]

[package.extras]
cli = ["click (>=5.0)"]

[[package]]
name = "slack-sdk"
version = "3.19.5"
description = "The Slack API Platform SDK for Python"
category = "main"
optional = false
python-versions = ">=3.6.0"
files = [
    {file = "slack_sdk-3.19.5-py2.py3-none-any.whl", hash = "sha256:0b52bb32a87c71f638b9eb47e228dffeebf89de5e762684ef848276f9f186c84"},
    {file = "slack_sdk-3.19.5.tar.gz", hash = "sha256:47fb4af596243fe6585a92f3034de21eb2104a55cc9fd59a92ef3af17cf9ddd8"},
]

[package.extras]
optional = ["SQLAlchemy (>=1,<2)", "aiodns (>1.0)", "aiohttp (>=3.7.3,<4)", "boto3 (<=2)", "websocket-client (>=1,<2)", "websockets (>=10,<11)"]
testing = ["Flask (>=1,<2)", "Flask-Sockets (>=0.2,<1)", "Jinja2 (==3.0.3)", "Werkzeug (<2)", "black (==22.8.0)", "boto3 (<=2)", "click (==8.0.4)", "codecov (>=2,<3)", "databases (>=0.5)", "flake8 (>=5,<6)", "itsdangerous (==1.1.0)", "moto (>=3,<4)", "psutil (>=5,<6)", "pytest (>=6.2.5,<7)", "pytest-asyncio (<1)", "pytest-cov (>=2,<3)"]

[metadata]
lock-version = "2.0"
python-versions = "^3.9"
content-hash = "558643a1ab934cc55d4c22716ebb4399440be9a3bc7aafa94f7da298936e9d38"
